
Microsoft Visual Studio Solution File, Format Version 12.00
# Visual Studio Version 16
VisualStudioVersion = 16.0.31624.102
MinimumVisualStudioVersion = 10.0.40219.1
Project("{FAE04EC0-301F-11D3-BF4B-00C04F79EFBC}") = "Primeiro", "Primeiro\Primeiro.csproj", "{A1BDBDD0-ACCE-42A6-9DFE-F2C9CF229AE3}"
EndProject
Global
	GlobalSection(SolutionConfigurationPlatforms) = preSolution
		Debug|Any CPU = Debug|Any CPU
		Release|Any CPU = Release|Any CPU
	EndGlobalSection
	GlobalSection(ProjectConfigurationPlatforms) = postSolution
		{A1BDBDD0-ACCE-42A6-9DFE-F2C9CF229AE3}.Debug|Any CPU.ActiveCfg = Debug|Any CPU
		{A1BDBDD0-ACCE-42A6-9DFE-F2C9CF229AE3}.Debug|Any CPU.Build.0 = Debug|Any CPU
		{A1BDBDD0-ACCE-42A6-9DFE-F2C9CF229AE3}.Release|Any CPU.ActiveCfg = Release|Any CPU
		{A1BDBDD0-ACCE-42A6-9DFE-F2C9CF229AE3}.Release|Any CPU.Build.0 = Release|Any CPU
	EndGlobalSection
	GlobalSection(SolutionProperties) = preSolution
		HideSolutionNode = FALSE
	EndGlobalSection
	GlobalSection(ExtensibilityGlobals) = postSolution
		SolutionGuid = {EA988561-3DC3-4649-9257-EB87BD6168BA}
	EndGlobalSection
EndGlobal
